
Microsoft Visual Studio Solution File, Format Version 12.00
# Visual Studio Version 17
VisualStudioVersion = 17.3.32825.248
MinimumVisualStudioVersion = 10.0.40219.1
Project("{FAE04EC0-301F-11D3-BF4B-00C04F79EFBC}") = "BloodBank.UI", "BloodBank.UI\BloodBank.UI.csproj", "{9883AD9A-4900-4EF2-BF18-DC4966B1D5BF}"
EndProject
Project("{FAE04EC0-301F-11D3-BF4B-00C04F79EFBC}") = "BloodBank.Entities", "BloodBank.Entities\BloodBank.Entities.csproj", "{C6C24CA8-C28B-441C-BD9D-3AABB3EB923A}"
EndProject
Project("{FAE04EC0-301F-11D3-BF4B-00C04F79EFBC}") = "BloodBank.DataLayer", "BloodBank.DataLayer\BloodBank.DataLayer.csproj", "{64138BF7-C036-46EA-88F3-B2B0D6C39EC0}"
EndProject
Global
	GlobalSection(SolutionConfigurationPlatforms) = preSolution
		Debug|Any CPU = Debug|Any CPU
		Release|Any CPU = Release|Any CPU
	EndGlobalSection
	GlobalSection(ProjectConfigurationPlatforms) = postSolution
		{9883AD9A-4900-4EF2-BF18-DC4966B1D5BF}.Debug|Any CPU.ActiveCfg = Debug|Any CPU
		{9883AD9A-4900-4EF2-BF18-DC4966B1D5BF}.Debug|Any CPU.Build.0 = Debug|Any CPU
		{9883AD9A-4900-4EF2-BF18-DC4966B1D5BF}.Release|Any CPU.ActiveCfg = Release|Any CPU
		{9883AD9A-4900-4EF2-BF18-DC4966B1D5BF}.Release|Any CPU.Build.0 = Release|Any CPU
		{C6C24CA8-C28B-441C-BD9D-3AABB3EB923A}.Debug|Any CPU.ActiveCfg = Debug|Any CPU
		{C6C24CA8-C28B-441C-BD9D-3AABB3EB923A}.Debug|Any CPU.Build.0 = Debug|Any CPU
		{C6C24CA8-C28B-441C-BD9D-3AABB3EB923A}.Release|Any CPU.ActiveCfg = Release|Any CPU
		{C6C24CA8-C28B-441C-BD9D-3AABB3EB923A}.Release|Any CPU.Build.0 = Release|Any CPU
		{64138BF7-C036-46EA-88F3-B2B0D6C39EC0}.Debug|Any CPU.ActiveCfg = Debug|Any CPU
		{64138BF7-C036-46EA-88F3-B2B0D6C39EC0}.Debug|Any CPU.Build.0 = Debug|Any CPU
		{64138BF7-C036-46EA-88F3-B2B0D6C39EC0}.Release|Any CPU.ActiveCfg = Release|Any CPU
		{64138BF7-C036-46EA-88F3-B2B0D6C39EC0}.Release|Any CPU.Build.0 = Release|Any CPU
	EndGlobalSection
	GlobalSection(SolutionProperties) = preSolution
		HideSolutionNode = FALSE
	EndGlobalSection
	GlobalSection(ExtensibilityGlobals) = postSolution
		SolutionGuid = {5A81DBB4-DF6B-4CB9-B5A6-6EA23B2AEEA3}
	EndGlobalSection
EndGlobal
